
Microsoft Visual Studio Solution File, Format Version 12.00
# Visual Studio Version 17
VisualStudioVersion = 17.10.35004.147
MinimumVisualStudioVersion = 10.0.40219.1
Project("{9A19103F-16F7-4668-BE54-9A1E7A4F7556}") = "WorkflowSpecflowTests", "WorkflowSpecflowTests\WorkflowSpecflowTests.csproj", "{B0B07CC4-E158-452E-B2E2-0872169FC764}"
EndProject
Global
	GlobalSection(SolutionConfigurationPlatforms) = preSolution
		Debug|Any CPU = Debug|Any CPU
		Release|Any CPU = Release|Any CPU
	EndGlobalSection
	GlobalSection(ProjectConfigurationPlatforms) = postSolution
		{B0B07CC4-E158-452E-B2E2-0872169FC764}.Debug|Any CPU.ActiveCfg = Debug|Any CPU
		{B0B07CC4-E158-452E-B2E2-0872169FC764}.Debug|Any CPU.Build.0 = Debug|Any CPU
		{B0B07CC4-E158-452E-B2E2-0872169FC764}.Release|Any CPU.ActiveCfg = Release|Any CPU
		{B0B07CC4-E158-452E-B2E2-0872169FC764}.Release|Any CPU.Build.0 = Release|Any CPU
	EndGlobalSection
	GlobalSection(SolutionProperties) = preSolution
		HideSolutionNode = FALSE
	EndGlobalSection
	GlobalSection(ExtensibilityGlobals) = postSolution
		SolutionGuid = {23CAF5D0-A60F-425F-8445-B556E80821DB}
	EndGlobalSection
EndGlobal
